
Microsoft Visual Studio Solution File, Format Version 12.00
# Visual Studio Version 17
VisualStudioVersion = 17.2.32616.157
MinimumVisualStudioVersion = 10.0.40219.1
Project("{FAE04EC0-301F-11D3-BF4B-00C04F79EFBC}") = "ConsumerFoodSRS", "ConsumerFoodSRS\ConsumerFoodSRS.csproj", "{EBDB571B-8E2D-43D5-8B52-A6944636295E}"
EndProject
Global
	GlobalSection(SolutionConfigurationPlatforms) = preSolution
		Debug|Any CPU = Debug|Any CPU
		Release|Any CPU = Release|Any CPU
	EndGlobalSection
	GlobalSection(ProjectConfigurationPlatforms) = postSolution
		{EBDB571B-8E2D-43D5-8B52-A6944636295E}.Debug|Any CPU.ActiveCfg = Debug|Any CPU
		{EBDB571B-8E2D-43D5-8B52-A6944636295E}.Debug|Any CPU.Build.0 = Debug|Any CPU
		{EBDB571B-8E2D-43D5-8B52-A6944636295E}.Release|Any CPU.ActiveCfg = Release|Any CPU
		{EBDB571B-8E2D-43D5-8B52-A6944636295E}.Release|Any CPU.Build.0 = Release|Any CPU
	EndGlobalSection
	GlobalSection(SolutionProperties) = preSolution
		HideSolutionNode = FALSE
	EndGlobalSection
	GlobalSection(ExtensibilityGlobals) = postSolution
		SolutionGuid = {01315058-ECEC-409D-99C5-544B4EA9BB0E}
	EndGlobalSection
EndGlobal
